
Microsoft Visual Studio Solution File, Format Version 12.00
# Visual Studio Version 16
VisualStudioVersion = 16.0.30225.117
MinimumVisualStudioVersion = 10.0.40219.1
Project("{9A19103F-16F7-4668-BE54-9A1E7A4F7556}") = "Identity.API", "Identity\Identity.API.csproj", "{6E75F68D-070B-457B-833B-9EAA9788C004}"
EndProject
Project("{9A19103F-16F7-4668-BE54-9A1E7A4F7556}") = "MessageBus", "MessageBus\MessageBus.csproj", "{CDB5CBE7-A8A1-48F9-9476-4147C2EA5E37}"
EndProject
Project("{E53339B2-1760-4266-BCC7-CA923CBCF16C}") = "docker-compose", "docker-compose.dcproj", "{6C78E953-ADCA-4CD2-BE19-84A52E105386}"
EndProject
Global
	GlobalSection(SolutionConfigurationPlatforms) = preSolution
		Debug|Any CPU = Debug|Any CPU
		Release|Any CPU = Release|Any CPU
	EndGlobalSection
	GlobalSection(ProjectConfigurationPlatforms) = postSolution
		{6E75F68D-070B-457B-833B-9EAA9788C004}.Debug|Any CPU.ActiveCfg = Debug|Any CPU
		{6E75F68D-070B-457B-833B-9EAA9788C004}.Debug|Any CPU.Build.0 = Debug|Any CPU
		{6E75F68D-070B-457B-833B-9EAA9788C004}.Release|Any CPU.ActiveCfg = Release|Any CPU
		{6E75F68D-070B-457B-833B-9EAA9788C004}.Release|Any CPU.Build.0 = Release|Any CPU
		{CDB5CBE7-A8A1-48F9-9476-4147C2EA5E37}.Debug|Any CPU.ActiveCfg = Debug|Any CPU
		{CDB5CBE7-A8A1-48F9-9476-4147C2EA5E37}.Debug|Any CPU.Build.0 = Debug|Any CPU
		{CDB5CBE7-A8A1-48F9-9476-4147C2EA5E37}.Release|Any CPU.ActiveCfg = Release|Any CPU
		{CDB5CBE7-A8A1-48F9-9476-4147C2EA5E37}.Release|Any CPU.Build.0 = Release|Any CPU
		{6C78E953-ADCA-4CD2-BE19-84A52E105386}.Debug|Any CPU.ActiveCfg = Debug|Any CPU
		{6C78E953-ADCA-4CD2-BE19-84A52E105386}.Debug|Any CPU.Build.0 = Debug|Any CPU
		{6C78E953-ADCA-4CD2-BE19-84A52E105386}.Release|Any CPU.ActiveCfg = Release|Any CPU
		{6C78E953-ADCA-4CD2-BE19-84A52E105386}.Release|Any CPU.Build.0 = Release|Any CPU
	EndGlobalSection
	GlobalSection(SolutionProperties) = preSolution
		HideSolutionNode = FALSE
	EndGlobalSection
	GlobalSection(ExtensibilityGlobals) = postSolution
		SolutionGuid = {95DB1722-1AF3-44CC-986D-374CFA91077D}
	EndGlobalSection
EndGlobal
